
Microsoft Visual Studio Solution File, Format Version 12.00
# Visual Studio Version 17
VisualStudioVersion = 17.0.31903.59
MinimumVisualStudioVersion = 10.0.40219.1
Project("{2150E333-8FDC-42A3-9474-1A3956D46DE8}") = "src", "src", "{827E0CD3-B72D-47B6-A68D-7590B98EB39B}"
EndProject
Project("{FAE04EC0-301F-11D3-BF4B-00C04F79EFBC}") = "TransformersMini.Application", "src\TransformersMini.Application\TransformersMini.Application.csproj", "{87DC07E0-836F-4A94-91F5-1B1F2BCF5246}"
EndProject
Project("{FAE04EC0-301F-11D3-BF4B-00C04F79EFBC}") = "TransformersMini.Cli", "src\TransformersMini.Cli\TransformersMini.Cli.csproj", "{2D7FE079-BE4A-4DAF-94B2-29802B530688}"
EndProject
Project("{FAE04EC0-301F-11D3-BF4B-00C04F79EFBC}") = "TransformersMini.Contracts", "src\TransformersMini.Contracts\TransformersMini.Contracts.csproj", "{6A937BDB-E3BF-44B4-833E-B741D96B9BEB}"
EndProject
Project("{FAE04EC0-301F-11D3-BF4B-00C04F79EFBC}") = "TransformersMini.DataAdapters.Coco", "src\TransformersMini.DataAdapters.Coco\TransformersMini.DataAdapters.Coco.csproj", "{85604D4D-AA0E-4A5A-B936-59B170BD07D8}"
EndProject
Project("{FAE04EC0-301F-11D3-BF4B-00C04F79EFBC}") = "TransformersMini.DataAdapters.OcrManifest", "src\TransformersMini.DataAdapters.OcrManifest\TransformersMini.DataAdapters.OcrManifest.csproj", "{A47BC24F-B406-4C8D-944F-E1C1EB4D452D}"
EndProject
Project("{FAE04EC0-301F-11D3-BF4B-00C04F79EFBC}") = "TransformersMini.Domain", "src\TransformersMini.Domain\TransformersMini.Domain.csproj", "{F3E4604A-F97E-4A07-9F47-4B8965B27D0C}"
EndProject
Project("{FAE04EC0-301F-11D3-BF4B-00C04F79EFBC}") = "TransformersMini.Infrastructure", "src\TransformersMini.Infrastructure\TransformersMini.Infrastructure.csproj", "{BF6794E2-7CF4-453F-ADB2-315023148FBB}"
EndProject
Project("{FAE04EC0-301F-11D3-BF4B-00C04F79EFBC}") = "TransformersMini.Infrastructure.MLNet", "src\TransformersMini.Infrastructure.MLNet\TransformersMini.Infrastructure.MLNet.csproj", "{B63FC8E4-E140-4ED5-9748-91F52D151184}"
EndProject
Project("{FAE04EC0-301F-11D3-BF4B-00C04F79EFBC}") = "TransformersMini.Infrastructure.Storage", "src\TransformersMini.Infrastructure.Storage\TransformersMini.Infrastructure.Storage.csproj", "{60DBB836-732E-4A2E-BA89-7BD2BB9E001F}"
EndProject
Project("{FAE04EC0-301F-11D3-BF4B-00C04F79EFBC}") = "TransformersMini.Infrastructure.TorchSharp", "src\TransformersMini.Infrastructure.TorchSharp\TransformersMini.Infrastructure.TorchSharp.csproj", "{E5FEE109-5D22-4B1A-9F46-86B1A7BBEFE7}"
EndProject
Project("{FAE04EC0-301F-11D3-BF4B-00C04F79EFBC}") = "TransformersMini.SharedKernel", "src\TransformersMini.SharedKernel\TransformersMini.SharedKernel.csproj", "{6C62415A-D550-446F-9299-FFD4264117C8}"
EndProject
Project("{FAE04EC0-301F-11D3-BF4B-00C04F79EFBC}") = "TransformersMini.Training.Tasks.Detection", "src\TransformersMini.Training.Tasks.Detection\TransformersMini.Training.Tasks.Detection.csproj", "{3D4ADF66-E1FA-46D5-94C4-96AF2EB346D1}"
EndProject
Project("{FAE04EC0-301F-11D3-BF4B-00C04F79EFBC}") = "TransformersMini.Training.Tasks.Ocr", "src\TransformersMini.Training.Tasks.Ocr\TransformersMini.Training.Tasks.Ocr.csproj", "{CE741233-80E4-481E-B3E9-7AF8AEFBA345}"
EndProject
Project("{FAE04EC0-301F-11D3-BF4B-00C04F79EFBC}") = "TransformersMini.WinForms", "src\TransformersMini.WinForms\TransformersMini.WinForms.csproj", "{F64B0021-1E02-4E89-9F63-D894DABE0418}"
EndProject
Project("{2150E333-8FDC-42A3-9474-1A3956D46DE8}") = "tests", "tests", "{0AB3BF05-4346-4AA6-1389-037BE0695223}"
EndProject
Project("{FAE04EC0-301F-11D3-BF4B-00C04F79EFBC}") = "TransformersMini.Tests.Contracts", "tests\TransformersMini.Tests.Contracts\TransformersMini.Tests.Contracts.csproj", "{588B0DE9-EF20-4C7D-B95B-02242E0678D9}"
EndProject
Project("{FAE04EC0-301F-11D3-BF4B-00C04F79EFBC}") = "TransformersMini.Tests.Integration", "tests\TransformersMini.Tests.Integration\TransformersMini.Tests.Integration.csproj", "{A07CD083-D00C-4345-950F-96517BC8D1BD}"
EndProject
Project("{FAE04EC0-301F-11D3-BF4B-00C04F79EFBC}") = "TransformersMini.Tests.Unit", "tests\TransformersMini.Tests.Unit\TransformersMini.Tests.Unit.csproj", "{468D6F89-0638-4C64-A6CB-295D27960E61}"
EndProject
Global
	GlobalSection(SolutionConfigurationPlatforms) = preSolution
		Debug|Any CPU = Debug|Any CPU
		Debug|x64 = Debug|x64
		Debug|x86 = Debug|x86
		Release|Any CPU = Release|Any CPU
		Release|x64 = Release|x64
		Release|x86 = Release|x86
	EndGlobalSection
	GlobalSection(ProjectConfigurationPlatforms) = postSolution
		{87DC07E0-836F-4A94-91F5-1B1F2BCF5246}.Debug|Any CPU.ActiveCfg = Debug|Any CPU
		{87DC07E0-836F-4A94-91F5-1B1F2BCF5246}.Debug|Any CPU.Build.0 = Debug|Any CPU
		{87DC07E0-836F-4A94-91F5-1B1F2BCF5246}.Debug|x64.ActiveCfg = Debug|Any CPU
		{87DC07E0-836F-4A94-91F5-1B1F2BCF5246}.Debug|x64.Build.0 = Debug|Any CPU
		{87DC07E0-836F-4A94-91F5-1B1F2BCF5246}.Debug|x86.ActiveCfg = Debug|Any CPU
		{87DC07E0-836F-4A94-91F5-1B1F2BCF5246}.Debug|x86.Build.0 = Debug|Any CPU
		{87DC07E0-836F-4A94-91F5-1B1F2BCF5246}.Release|Any CPU.ActiveCfg = Release|Any CPU
		{87DC07E0-836F-4A94-91F5-1B1F2BCF5246}.Release|Any CPU.Build.0 = Release|Any CPU
		{87DC07E0-836F-4A94-91F5-1B1F2BCF5246}.Release|x64.ActiveCfg = Release|Any CPU
		{87DC07E0-836F-4A94-91F5-1B1F2BCF5246}.Release|x64.Build.0 = Release|Any CPU
		{87DC07E0-836F-4A94-91F5-1B1F2BCF5246}.Release|x86.ActiveCfg = Release|Any CPU
		{87DC07E0-836F-4A94-91F5-1B1F2BCF5246}.Release|x86.Build.0 = Release|Any CPU
		{2D7FE079-BE4A-4DAF-94B2-29802B530688}.Debug|Any CPU.ActiveCfg = Debug|Any CPU
		{2D7FE079-BE4A-4DAF-94B2-29802B530688}.Debug|Any CPU.Build.0 = Debug|Any CPU
		{2D7FE079-BE4A-4DAF-94B2-29802B530688}.Debug|x64.ActiveCfg = Debug|Any CPU
		{2D7FE079-BE4A-4DAF-94B2-29802B530688}.Debug|x64.Build.0 = Debug|Any CPU
		{2D7FE079-BE4A-4DAF-94B2-29802B530688}.Debug|x86.ActiveCfg = Debug|Any CPU
		{2D7FE079-BE4A-4DAF-94B2-29802B530688}.Debug|x86.Build.0 = Debug|Any CPU
		{2D7FE079-BE4A-4DAF-94B2-29802B530688}.Release|Any CPU.ActiveCfg = Release|Any CPU
		{2D7FE079-BE4A-4DAF-94B2-29802B530688}.Release|Any CPU.Build.0 = Release|Any CPU
		{2D7FE079-BE4A-4DAF-94B2-29802B530688}.Release|x64.ActiveCfg = Release|Any CPU
		{2D7FE079-BE4A-4DAF-94B2-29802B530688}.Release|x64.Build.0 = Release|Any CPU
		{2D7FE079-BE4A-4DAF-94B2-29802B530688}.Release|x86.ActiveCfg = Release|Any CPU
		{2D7FE079-BE4A-4DAF-94B2-29802B530688}.Release|x86.Build.0 = Release|Any CPU
		{6A937BDB-E3BF-44B4-833E-B741D96B9BEB}.Debug|Any CPU.ActiveCfg = Debug|Any CPU
		{6A937BDB-E3BF-44B4-833E-B741D96B9BEB}.Debug|Any CPU.Build.0 = Debug|Any CPU
		{6A937BDB-E3BF-44B4-833E-B741D96B9BEB}.Debug|x64.ActiveCfg = Debug|Any CPU
		{6A937BDB-E3BF-44B4-833E-B741D96B9BEB}.Debug|x64.Build.0 = Debug|Any CPU
		{6A937BDB-E3BF-44B4-833E-B741D96B9BEB}.Debug|x86.ActiveCfg = Debug|Any CPU
		{6A937BDB-E3BF-44B4-833E-B741D96B9BEB}.Debug|x86.Build.0 = Debug|Any CPU
		{6A937BDB-E3BF-44B4-833E-B741D96B9BEB}.Release|Any CPU.ActiveCfg = Release|Any CPU
		{6A937BDB-E3BF-44B4-833E-B741D96B9BEB}.Release|Any CPU.Build.0 = Release|Any CPU
		{6A937BDB-E3BF-44B4-833E-B741D96B9BEB}.Release|x64.ActiveCfg = Release|Any CPU
		{6A937BDB-E3BF-44B4-833E-B741D96B9BEB}.Release|x64.Build.0 = Release|Any CPU
		{6A937BDB-E3BF-44B4-833E-B741D96B9BEB}.Release|x86.ActiveCfg = Release|Any CPU
		{6A937BDB-E3BF-44B4-833E-B741D96B9BEB}.Release|x86.Build.0 = Release|Any CPU
		{85604D4D-AA0E-4A5A-B936-59B170BD07D8}.Debug|Any CPU.ActiveCfg = Debug|Any CPU
		{85604D4D-AA0E-4A5A-B936-59B170BD07D8}.Debug|Any CPU.Build.0 = Debug|Any CPU
		{85604D4D-AA0E-4A5A-B936-59B170BD07D8}.Debug|x64.ActiveCfg = Debug|Any CPU
		{85604D4D-AA0E-4A5A-B936-59B170BD07D8}.Debug|x64.Build.0 = Debug|Any CPU
		{85604D4D-AA0E-4A5A-B936-59B170BD07D8}.Debug|x86.ActiveCfg = Debug|Any CPU
		{85604D4D-AA0E-4A5A-B936-59B170BD07D8}.Debug|x86.Build.0 = Debug|Any CPU
		{85604D4D-AA0E-4A5A-B936-59B170BD07D8}.Release|Any CPU.ActiveCfg = Release|Any CPU
		{85604D4D-AA0E-4A5A-B936-59B170BD07D8}.Release|Any CPU.Build.0 = Release|Any CPU
		{85604D4D-AA0E-4A5A-B936-59B170BD07D8}.Release|x64.ActiveCfg = Release|Any CPU
		{85604D4D-AA0E-4A5A-B936-59B170BD07D8}.Release|x64.Build.0 = Release|Any CPU
		{85604D4D-AA0E-4A5A-B936-59B170BD07D8}.Release|x86.ActiveCfg = Release|Any CPU
		{85604D4D-AA0E-4A5A-B936-59B170BD07D8}.Release|x86.Build.0 = Release|Any CPU
		{A47BC24F-B406-4C8D-944F-E1C1EB4D452D}.Debug|Any CPU.ActiveCfg = Debug|Any CPU
		{A47BC24F-B406-4C8D-944F-E1C1EB4D452D}.Debug|Any CPU.Build.0 = Debug|Any CPU
		{A47BC24F-B406-4C8D-944F-E1C1EB4D452D}.Debug|x64.ActiveCfg = Debug|Any CPU
		{A47BC24F-B406-4C8D-944F-E1C1EB4D452D}.Debug|x64.Build.0 = Debug|Any CPU
		{A47BC24F-B406-4C8D-944F-E1C1EB4D452D}.Debug|x86.ActiveCfg = Debug|Any CPU
		{A47BC24F-B406-4C8D-944F-E1C1EB4D452D}.Debug|x86.Build.0 = Debug|Any CPU
		{A47BC24F-B406-4C8D-944F-E1C1EB4D452D}.Release|Any CPU.ActiveCfg = Release|Any CPU
		{A47BC24F-B406-4C8D-944F-E1C1EB4D452D}.Release|Any CPU.Build.0 = Release|Any CPU
		{A47BC24F-B406-4C8D-944F-E1C1EB4D452D}.Release|x64.ActiveCfg = Release|Any CPU
		{A47BC24F-B406-4C8D-944F-E1C1EB4D452D}.Release|x64.Build.0 = Release|Any CPU
		{A47BC24F-B406-4C8D-944F-E1C1EB4D452D}.Release|x86.ActiveCfg = Release|Any CPU
		{A47BC24F-B406-4C8D-944F-E1C1EB4D452D}.Release|x86.Build.0 = Release|Any CPU
		{F3E4604A-F97E-4A07-9F47-4B8965B27D0C}.Debug|Any CPU.ActiveCfg = Debug|Any CPU
		{F3E4604A-F97E-4A07-9F47-4B8965B27D0C}.Debug|Any CPU.Build.0 = Debug|Any CPU
		{F3E4604A-F97E-4A07-9F47-4B8965B27D0C}.Debug|x64.ActiveCfg = Debug|Any CPU
		{F3E4604A-F97E-4A07-9F47-4B8965B27D0C}.Debug|x64.Build.0 = Debug|Any CPU
		{F3E4604A-F97E-4A07-9F47-4B8965B27D0C}.Debug|x86.ActiveCfg = Debug|Any CPU
		{F3E4604A-F97E-4A07-9F47-4B8965B27D0C}.Debug|x86.Build.0 = Debug|Any CPU
		{F3E4604A-F97E-4A07-9F47-4B8965B27D0C}.Release|Any CPU.ActiveCfg = Release|Any CPU
		{F3E4604A-F97E-4A07-9F47-4B8965B27D0C}.Release|Any CPU.Build.0 = Release|Any CPU
		{F3E4604A-F97E-4A07-9F47-4B8965B27D0C}.Release|x64.ActiveCfg = Release|Any CPU
		{F3E4604A-F97E-4A07-9F47-4B8965B27D0C}.Release|x64.Build.0 = Release|Any CPU
		{F3E4604A-F97E-4A07-9F47-4B8965B27D0C}.Release|x86.ActiveCfg = Release|Any CPU
		{F3E4604A-F97E-4A07-9F47-4B8965B27D0C}.Release|x86.Build.0 = Release|Any CPU
		{BF6794E2-7CF4-453F-ADB2-315023148FBB}.Debug|Any CPU.ActiveCfg = Debug|Any CPU
		{BF6794E2-7CF4-453F-ADB2-315023148FBB}.Debug|Any CPU.Build.0 = Debug|Any CPU
		{BF6794E2-7CF4-453F-ADB2-315023148FBB}.Debug|x64.ActiveCfg = Debug|Any CPU
		{BF6794E2-7CF4-453F-ADB2-315023148FBB}.Debug|x64.Build.0 = Debug|Any CPU
		{BF6794E2-7CF4-453F-ADB2-315023148FBB}.Debug|x86.ActiveCfg = Debug|Any CPU
		{BF6794E2-7CF4-453F-ADB2-315023148FBB}.Debug|x86.Build.0 = Debug|Any CPU
		{BF6794E2-7CF4-453F-ADB2-315023148FBB}.Release|Any CPU.ActiveCfg = Release|Any CPU
		{BF6794E2-7CF4-453F-ADB2-315023148FBB}.Release|Any CPU.Build.0 = Release|Any CPU
		{BF6794E2-7CF4-453F-ADB2-315023148FBB}.Release|x64.ActiveCfg = Release|Any CPU
		{BF6794E2-7CF4-453F-ADB2-315023148FBB}.Release|x64.Build.0 = Release|Any CPU
		{BF6794E2-7CF4-453F-ADB2-315023148FBB}.Release|x86.ActiveCfg = Release|Any CPU
		{BF6794E2-7CF4-453F-ADB2-315023148FBB}.Release|x86.Build.0 = Release|Any CPU
		{B63FC8E4-E140-4ED5-9748-91F52D151184}.Debug|Any CPU.ActiveCfg = Debug|Any CPU
		{B63FC8E4-E140-4ED5-9748-91F52D151184}.Debug|Any CPU.Build.0 = Debug|Any CPU
		{B63FC8E4-E140-4ED5-9748-91F52D151184}.Debug|x64.ActiveCfg = Debug|Any CPU
		{B63FC8E4-E140-4ED5-9748-91F52D151184}.Debug|x64.Build.0 = Debug|Any CPU
		{B63FC8E4-E140-4ED5-9748-91F52D151184}.Debug|x86.ActiveCfg = Debug|Any CPU
		{B63FC8E4-E140-4ED5-9748-91F52D151184}.Debug|x86.Build.0 = Debug|Any CPU
		{B63FC8E4-E140-4ED5-9748-91F52D151184}.Release|Any CPU.ActiveCfg = Release|Any CPU
		{B63FC8E4-E140-4ED5-9748-91F52D151184}.Release|Any CPU.Build.0 = Release|Any CPU
		{B63FC8E4-E140-4ED5-9748-91F52D151184}.Release|x64.ActiveCfg = Release|Any CPU
		{B63FC8E4-E140-4ED5-9748-91F52D151184}.Release|x64.Build.0 = Release|Any CPU
		{B63FC8E4-E140-4ED5-9748-91F52D151184}.Release|x86.ActiveCfg = Release|Any CPU
		{B63FC8E4-E140-4ED5-9748-91F52D151184}.Release|x86.Build.0 = Release|Any CPU
		{60DBB836-732E-4A2E-BA89-7BD2BB9E001F}.Debug|Any CPU.ActiveCfg = Debug|Any CPU
		{60DBB836-732E-4A2E-BA89-7BD2BB9E001F}.Debug|Any CPU.Build.0 = Debug|Any CPU
		{60DBB836-732E-4A2E-BA89-7BD2BB9E001F}.Debug|x64.ActiveCfg = Debug|Any CPU
		{60DBB836-732E-4A2E-BA89-7BD2BB9E001F}.Debug|x64.Build.0 = Debug|Any CPU
		{60DBB836-732E-4A2E-BA89-7BD2BB9E001F}.Debug|x86.ActiveCfg = Debug|Any CPU
		{60DBB836-732E-4A2E-BA89-7BD2BB9E001F}.Debug|x86.Build.0 = Debug|Any CPU
		{60DBB836-732E-4A2E-BA89-7BD2BB9E001F}.Release|Any CPU.ActiveCfg = Release|Any CPU
		{60DBB836-732E-4A2E-BA89-7BD2BB9E001F}.Release|Any CPU.Build.0 = Release|Any CPU
		{60DBB836-732E-4A2E-BA89-7BD2BB9E001F}.Release|x64.ActiveCfg = Release|Any CPU
		{60DBB836-732E-4A2E-BA89-7BD2BB9E001F}.Release|x64.Build.0 = Release|Any CPU
		{60DBB836-732E-4A2E-BA89-7BD2BB9E001F}.Release|x86.ActiveCfg = Release|Any CPU
		{60DBB836-732E-4A2E-BA89-7BD2BB9E001F}.Release|x86.Build.0 = Release|Any CPU
		{E5FEE109-5D22-4B1A-9F46-86B1A7BBEFE7}.Debug|Any CPU.ActiveCfg = Debug|Any CPU
		{E5FEE109-5D22-4B1A-9F46-86B1A7BBEFE7}.Debug|Any CPU.Build.0 = Debug|Any CPU
		{E5FEE109-5D22-4B1A-9F46-86B1A7BBEFE7}.Debug|x64.ActiveCfg = Debug|Any CPU
		{E5FEE109-5D22-4B1A-9F46-86B1A7BBEFE7}.Debug|x64.Build.0 = Debug|Any CPU
		{E5FEE109-5D22-4B1A-9F46-86B1A7BBEFE7}.Debug|x86.ActiveCfg = Debug|Any CPU
		{E5FEE109-5D22-4B1A-9F46-86B1A7BBEFE7}.Debug|x86.Build.0 = Debug|Any CPU
		{E5FEE109-5D22-4B1A-9F46-86B1A7BBEFE7}.Release|Any CPU.ActiveCfg = Release|Any CPU
		{E5FEE109-5D22-4B1A-9F46-86B1A7BBEFE7}.Release|Any CPU.Build.0 = Release|Any CPU
		{E5FEE109-5D22-4B1A-9F46-86B1A7BBEFE7}.Release|x64.ActiveCfg = Release|Any CPU
		{E5FEE109-5D22-4B1A-9F46-86B1A7BBEFE7}.Release|x64.Build.0 = Release|Any CPU
		{E5FEE109-5D22-4B1A-9F46-86B1A7BBEFE7}.Release|x86.ActiveCfg = Release|Any CPU
		{E5FEE109-5D22-4B1A-9F46-86B1A7BBEFE7}.Release|x86.Build.0 = Release|Any CPU
		{6C62415A-D550-446F-9299-FFD4264117C8}.Debug|Any CPU.ActiveCfg = Debug|Any CPU
		{6C62415A-D550-446F-9299-FFD4264117C8}.Debug|Any CPU.Build.0 = Debug|Any CPU
		{6C62415A-D550-446F-9299-FFD4264117C8}.Debug|x64.ActiveCfg = Debug|Any CPU
		{6C62415A-D550-446F-9299-FFD4264117C8}.Debug|x64.Build.0 = Debug|Any CPU
		{6C62415A-D550-446F-9299-FFD4264117C8}.Debug|x86.ActiveCfg = Debug|Any CPU
		{6C62415A-D550-446F-9299-FFD4264117C8}.Debug|x86.Build.0 = Debug|Any CPU
		{6C62415A-D550-446F-9299-FFD4264117C8}.Release|Any CPU.ActiveCfg = Release|Any CPU
		{6C62415A-D550-446F-9299-FFD4264117C8}.Release|Any CPU.Build.0 = Release|Any CPU
		{6C62415A-D550-446F-9299-FFD4264117C8}.Release|x64.ActiveCfg = Release|Any CPU
		{6C62415A-D550-446F-9299-FFD4264117C8}.Release|x64.Build.0 = Release|Any CPU
		{6C62415A-D550-446F-9299-FFD4264117C8}.Release|x86.ActiveCfg = Release|Any CPU
		{6C62415A-D550-446F-9299-FFD4264117C8}.Release|x86.Build.0 = Release|Any CPU
		{3D4ADF66-E1FA-46D5-94C4-96AF2EB346D1}.Debug|Any CPU.ActiveCfg = Debug|Any CPU
		{3D4ADF66-E1FA-46D5-94C4-96AF2EB346D1}.Debug|Any CPU.Build.0 = Debug|Any CPU
		{3D4ADF66-E1FA-46D5-94C4-96AF2EB346D1}.Debug|x64.ActiveCfg = Debug|Any CPU
		{3D4ADF66-E1FA-46D5-94C4-96AF2EB346D1}.Debug|x64.Build.0 = Debug|Any CPU
		{3D4ADF66-E1FA-46D5-94C4-96AF2EB346D1}.Debug|x86.ActiveCfg = Debug|Any CPU
		{3D4ADF66-E1FA-46D5-94C4-96AF2EB346D1}.Debug|x86.Build.0 = Debug|Any CPU
		{3D4ADF66-E1FA-46D5-94C4-96AF2EB346D1}.Release|Any CPU.ActiveCfg = Release|Any CPU
		{3D4ADF66-E1FA-46D5-94C4-96AF2EB346D1}.Release|Any CPU.Build.0 = Release|Any CPU
		{3D4ADF66-E1FA-46D5-94C4-96AF2EB346D1}.Release|x64.ActiveCfg = Release|Any CPU
		{3D4ADF66-E1FA-46D5-94C4-96AF2EB346D1}.Release|x64.Build.0 = Release|Any CPU
		{3D4ADF66-E1FA-46D5-94C4-96AF2EB346D1}.Release|x86.ActiveCfg = Release|Any CPU
		{3D4ADF66-E1FA-46D5-94C4-96AF2EB346D1}.Release|x86.Build.0 = Release|Any CPU
		{CE741233-80E4-481E-B3E9-7AF8AEFBA345}.Debug|Any CPU.ActiveCfg = Debug|Any CPU
		{CE741233-80E4-481E-B3E9-7AF8AEFBA345}.Debug|Any CPU.Build.0 = Debug|Any CPU
		{CE741233-80E4-481E-B3E9-7AF8AEFBA345}.Debug|x64.ActiveCfg = Debug|Any CPU
		{CE741233-80E4-481E-B3E9-7AF8AEFBA345}.Debug|x64.Build.0 = Debug|Any CPU
		{CE741233-80E4-481E-B3E9-7AF8AEFBA345}.Debug|x86.ActiveCfg = Debug|Any CPU
		{CE741233-80E4-481E-B3E9-7AF8AEFBA345}.Debug|x86.Build.0 = Debug|Any CPU
		{CE741233-80E4-481E-B3E9-7AF8AEFBA345}.Release|Any CPU.ActiveCfg = Release|Any CPU
		{CE741233-80E4-481E-B3E9-7AF8AEFBA345}.Release|Any CPU.Build.0 = Release|Any CPU
		{CE741233-80E4-481E-B3E9-7AF8AEFBA345}.Release|x64.ActiveCfg = Release|Any CPU
		{CE741233-80E4-481E-B3E9-7AF8AEFBA345}.Release|x64.Build.0 = Release|Any CPU
		{CE741233-80E4-481E-B3E9-7AF8AEFBA345}.Release|x86.ActiveCfg = Release|Any CPU
		{CE741233-80E4-481E-B3E9-7AF8AEFBA345}.Release|x86.Build.0 = Release|Any CPU
		{F64B0021-1E02-4E89-9F63-D894DABE0418}.Debug|Any CPU.ActiveCfg = Debug|Any CPU
		{F64B0021-1E02-4E89-9F63-D894DABE0418}.Debug|Any CPU.Build.0 = Debug|Any CPU
		{F64B0021-1E02-4E89-9F63-D894DABE0418}.Debug|x64.ActiveCfg = Debug|Any CPU
		{F64B0021-1E02-4E89-9F63-D894DABE0418}.Debug|x64.Build.0 = Debug|Any CPU
		{F64B0021-1E02-4E89-9F63-D894DABE0418}.Debug|x86.ActiveCfg = Debug|Any CPU
		{F64B0021-1E02-4E89-9F63-D894DABE0418}.Debug|x86.Build.0 = Debug|Any CPU
		{F64B0021-1E02-4E89-9F63-D894DABE0418}.Release|Any CPU.ActiveCfg = Release|Any CPU
		{F64B0021-1E02-4E89-9F63-D894DABE0418}.Release|Any CPU.Build.0 = Release|Any CPU
		{F64B0021-1E02-4E89-9F63-D894DABE0418}.Release|x64.ActiveCfg = Release|Any CPU
		{F64B0021-1E02-4E89-9F63-D894DABE0418}.Release|x64.Build.0 = Release|Any CPU
		{F64B0021-1E02-4E89-9F63-D894DABE0418}.Release|x86.ActiveCfg = Release|Any CPU
		{F64B0021-1E02-4E89-9F63-D894DABE0418}.Release|x86.Build.0 = Release|Any CPU
		{588B0DE9-EF20-4C7D-B95B-02242E0678D9}.Debug|Any CPU.ActiveCfg = Debug|Any CPU
		{588B0DE9-EF20-4C7D-B95B-02242E0678D9}.Debug|Any CPU.Build.0 = Debug|Any CPU
		{588B0DE9-EF20-4C7D-B95B-02242E0678D9}.Debug|x64.ActiveCfg = Debug|Any CPU
		{588B0DE9-EF20-4C7D-B95B-02242E0678D9}.Debug|x64.Build.0 = Debug|Any CPU
		{588B0DE9-EF20-4C7D-B95B-02242E0678D9}.Debug|x86.ActiveCfg = Debug|Any CPU
		{588B0DE9-EF20-4C7D-B95B-02242E0678D9}.Debug|x86.Build.0 = Debug|Any CPU
		{588B0DE9-EF20-4C7D-B95B-02242E0678D9}.Release|Any CPU.ActiveCfg = Release|Any CPU
		{588B0DE9-EF20-4C7D-B95B-02242E0678D9}.Release|Any CPU.Build.0 = Release|Any CPU
		{588B0DE9-EF20-4C7D-B95B-02242E0678D9}.Release|x64.ActiveCfg = Release|Any CPU
		{588B0DE9-EF20-4C7D-B95B-02242E0678D9}.Release|x64.Build.0 = Release|Any CPU
		{588B0DE9-EF20-4C7D-B95B-02242E0678D9}.Release|x86.ActiveCfg = Release|Any CPU
		{588B0DE9-EF20-4C7D-B95B-02242E0678D9}.Release|x86.Build.0 = Release|Any CPU
		{A07CD083-D00C-4345-950F-96517BC8D1BD}.Debug|Any CPU.ActiveCfg = Debug|Any CPU
		{A07CD083-D00C-4345-950F-96517BC8D1BD}.Debug|Any CPU.Build.0 = Debug|Any CPU
		{A07CD083-D00C-4345-950F-96517BC8D1BD}.Debug|x64.ActiveCfg = Debug|Any CPU
		{A07CD083-D00C-4345-950F-96517BC8D1BD}.Debug|x64.Build.0 = Debug|Any CPU
		{A07CD083-D00C-4345-950F-96517BC8D1BD}.Debug|x86.ActiveCfg = Debug|Any CPU
		{A07CD083-D00C-4345-950F-96517BC8D1BD}.Debug|x86.Build.0 = Debug|Any CPU
		{A07CD083-D00C-4345-950F-96517BC8D1BD}.Release|Any CPU.ActiveCfg = Release|Any CPU
		{A07CD083-D00C-4345-950F-96517BC8D1BD}.Release|Any CPU.Build.0 = Release|Any CPU
		{A07CD083-D00C-4345-950F-96517BC8D1BD}.Release|x64.ActiveCfg = Release|Any CPU
		{A07CD083-D00C-4345-950F-96517BC8D1BD}.Release|x64.Build.0 = Release|Any CPU
		{A07CD083-D00C-4345-950F-96517BC8D1BD}.Release|x86.ActiveCfg = Release|Any CPU
		{A07CD083-D00C-4345-950F-96517BC8D1BD}.Release|x86.Build.0 = Release|Any CPU
		{468D6F89-0638-4C64-A6CB-295D27960E61}.Debug|Any CPU.ActiveCfg = Debug|Any CPU
		{468D6F89-0638-4C64-A6CB-295D27960E61}.Debug|Any CPU.Build.0 = Debug|Any CPU
		{468D6F89-0638-4C64-A6CB-295D27960E61}.Debug|x64.ActiveCfg = Debug|Any CPU
		{468D6F89-0638-4C64-A6CB-295D27960E61}.Debug|x64.Build.0 = Debug|Any CPU
		{468D6F89-0638-4C64-A6CB-295D27960E61}.Debug|x86.ActiveCfg = Debug|Any CPU
		{468D6F89-0638-4C64-A6CB-295D27960E61}.Debug|x86.Build.0 = Debug|Any CPU
		{468D6F89-0638-4C64-A6CB-295D27960E61}.Release|Any CPU.ActiveCfg = Release|Any CPU
		{468D6F89-0638-4C64-A6CB-295D27960E61}.Release|Any CPU.Build.0 = Release|Any CPU
		{468D6F89-0638-4C64-A6CB-295D27960E61}.Release|x64.ActiveCfg = Release|Any CPU
		{468D6F89-0638-4C64-A6CB-295D27960E61}.Release|x64.Build.0 = Release|Any CPU
		{468D6F89-0638-4C64-A6CB-295D27960E61}.Release|x86.ActiveCfg = Release|Any CPU
		{468D6F89-0638-4C64-A6CB-295D27960E61}.Release|x86.Build.0 = Release|Any CPU
	EndGlobalSection
	GlobalSection(SolutionProperties) = preSolution
		HideSolutionNode = FALSE
	EndGlobalSection
	GlobalSection(NestedProjects) = preSolution
		{87DC07E0-836F-4A94-91F5-1B1F2BCF5246} = {827E0CD3-B72D-47B6-A68D-7590B98EB39B}
		{2D7FE079-BE4A-4DAF-94B2-29802B530688} = {827E0CD3-B72D-47B6-A68D-7590B98EB39B}
		{6A937BDB-E3BF-44B4-833E-B741D96B9BEB} = {827E0CD3-B72D-47B6-A68D-7590B98EB39B}
		{85604D4D-AA0E-4A5A-B936-59B170BD07D8} = {827E0CD3-B72D-47B6-A68D-7590B98EB39B}
		{A47BC24F-B406-4C8D-944F-E1C1EB4D452D} = {827E0CD3-B72D-47B6-A68D-7590B98EB39B}
		{F3E4604A-F97E-4A07-9F47-4B8965B27D0C} = {827E0CD3-B72D-47B6-A68D-7590B98EB39B}
		{BF6794E2-7CF4-453F-ADB2-315023148FBB} = {827E0CD3-B72D-47B6-A68D-7590B98EB39B}
		{B63FC8E4-E140-4ED5-9748-91F52D151184} = {827E0CD3-B72D-47B6-A68D-7590B98EB39B}
		{60DBB836-732E-4A2E-BA89-7BD2BB9E001F} = {827E0CD3-B72D-47B6-A68D-7590B98EB39B}
		{E5FEE109-5D22-4B1A-9F46-86B1A7BBEFE7} = {827E0CD3-B72D-47B6-A68D-7590B98EB39B}
		{6C62415A-D550-446F-9299-FFD4264117C8} = {827E0CD3-B72D-47B6-A68D-7590B98EB39B}
		{3D4ADF66-E1FA-46D5-94C4-96AF2EB346D1} = {827E0CD3-B72D-47B6-A68D-7590B98EB39B}
		{CE741233-80E4-481E-B3E9-7AF8AEFBA345} = {827E0CD3-B72D-47B6-A68D-7590B98EB39B}
		{F64B0021-1E02-4E89-9F63-D894DABE0418} = {827E0CD3-B72D-47B6-A68D-7590B98EB39B}
		{588B0DE9-EF20-4C7D-B95B-02242E0678D9} = {0AB3BF05-4346-4AA6-1389-037BE0695223}
		{A07CD083-D00C-4345-950F-96517BC8D1BD} = {0AB3BF05-4346-4AA6-1389-037BE0695223}
		{468D6F89-0638-4C64-A6CB-295D27960E61} = {0AB3BF05-4346-4AA6-1389-037BE0695223}
	EndGlobalSection
EndGlobal
